
Microsoft Visual Studio Solution File, Format Version 12.00
# Visual Studio Version 17
VisualStudioVersion = 17.13.35931.197 d17.13
MinimumVisualStudioVersion = 10.0.40219.1
Project("{FAE04EC0-301F-11D3-BF4B-00C04F79EFBC}") = "testSoulChat", "testSoulChat.csproj", "{65B5D366-3D28-47DC-93D3-9C44AFC20299}"
EndProject
Global
	GlobalSection(SolutionConfigurationPlatforms) = preSolution
		Debug|Any CPU = Debug|Any CPU
		Release|Any CPU = Release|Any CPU
	EndGlobalSection
	GlobalSection(ProjectConfigurationPlatforms) = postSolution
		{65B5D366-3D28-47DC-93D3-9C44AFC20299}.Debug|Any CPU.ActiveCfg = Debug|Any CPU
		{65B5D366-3D28-47DC-93D3-9C44AFC20299}.Debug|Any CPU.Build.0 = Debug|Any CPU
		{65B5D366-3D28-47DC-93D3-9C44AFC20299}.Release|Any CPU.ActiveCfg = Release|Any CPU
		{65B5D366-3D28-47DC-93D3-9C44AFC20299}.Release|Any CPU.Build.0 = Release|Any CPU
	EndGlobalSection
	GlobalSection(SolutionProperties) = preSolution
		HideSolutionNode = FALSE
	EndGlobalSection
	GlobalSection(ExtensibilityGlobals) = postSolution
		SolutionGuid = {D17D7C01-8B8D-41AC-ADCF-612176EF1FDD}
	EndGlobalSection
EndGlobal
